{
  "object": {
    "pins": [
      {
        "package": "SDWebImage",
        "repositoryURL": "https://github.com/SDWebImage/SDWebImage.git",
        "state": {
          "branch": null,
          "revision": "2f9ef53b99a25bdfba97660c69c42cb54e323b78",
          "version": "5.8.4"
        }
      },
      {
        "package": "SDWebImageSVGCoder",
        "repositoryURL": "git@github.com:SDWebImage/SDWebImageSVGCoder.git",
        "state": {
          "branch": null,
          "revision": "6301af9fbd3950c602fb064bf6ea283d942962c3",
          "version": "1.5.2"
        }
      }
    ]
  },
  "version": 1
}
